// !$*UTF8*$!
{
	archiveVersion = 1;
	classes = {
	};
	objectVersion = 46;
	objects = {

/* Begin PBXBuildFile section */
		2919A8E81E7085AC004193B0 /* AppDelegate.swift in Sources */ = {isa = PBXBuildFile; fileRef = 2919A8E71E7085AC004193B0 /* AppDelegate.swift */; };
		2919A8EA1E7085AC004193B0 /* ViewController.swift in Sources */ = {isa = PBXBuildFile; fileRef = 2919A8E91E7085AC004193B0 /* ViewController.swift */; };
		2919A8EF1E7085AC004193B0 /* Assets.xcassets in Resources */ = {isa = PBXBuildFile; fileRef = 2919A8EE1E7085AC004193B0 /* Assets.xcassets */; };
		2919A8F21E7085AC004193B0 /* LaunchScreen.storyboard in Resources */ = {isa = PBXBuildFile; fileRef = 2919A8F01E7085AC004193B0 /* LaunchScreen.storyboard */; };
		2919A9151E70AD07004193B0 /* CustomTabBarController.swift in Sources */ = {isa = PBXBuildFile; fileRef = 2919A9141E70AD07004193B0 /* CustomTabBarController.swift */; };
		2919A9171E70AD10004193B0 /* Instagram.swift in Sources */ = {isa = PBXBuildFile; fileRef = 2919A9161E70AD10004193B0 /* Instagram.swift */; };
		2919A91B1E70AD1D004193B0 /* Utility.swift in Sources */ = {isa = PBXBuildFile; fileRef = 2919A9181E70AD1D004193B0 /* Utility.swift */; };
		2919A91C1E70AD1D004193B0 /* Extensions.swift in Sources */ = {isa = PBXBuildFile; fileRef = 2919A9191E70AD1D004193B0 /* Extensions.swift */; };
		2919A91D1E70AD1D004193B0 /* SearchTagController.swift in Sources */ = {isa = PBXBuildFile; fileRef = 2919A91A1E70AD1D004193B0 /* SearchTagController.swift */; };
		2F2361AFFD335FB05DB201DF /* Pods_Repost.framework in Frameworks */ = {isa = PBXBuildFile; fileRef = A10DC3C52FE3E5D11508803B /* Pods_Repost.framework */; };
/* End PBXBuildFile section */

/* Begin PBXFileReference section */
		2919A8E41E7085AC004193B0 /* Repost.app */ = {isa = PBXFileReference; explicitFileType = wrapper.application; includeInIndex = 0; path = Repost.app; sourceTree = BUILT_PRODUCTS_DIR; };
		2919A8E71E7085AC004193B0 /* AppDelegate.swift */ = {isa = PBXFileReference; lastKnownFileType = sourcecode.swift; path = AppDelegate.swift; sourceTree = "<group>"; };
		2919A8E91E7085AC004193B0 /* ViewController.swift */ = {isa = PBXFileReference; lastKnownFileType = sourcecode.swift; path = ViewController.swift; sourceTree = "<group>"; };
		2919A8EE1E7085AC004193B0 /* Assets.xcassets */ = {isa = PBXFileReference; lastKnownFileType = folder.assetcatalog; path = Assets.xcassets; sourceTree = "<group>"; };
		2919A8F11E7085AC004193B0 /* Base */ = {isa = PBXFileReference; lastKnownFileType = file.storyboard; name = Base; path = Base.lproj/LaunchScreen.storyboard; sourceTree = "<group>"; };
		2919A8F31E7085AC004193B0 /* Info.plist */ = {isa = PBXFileReference; lastKnownFileType = text.plist.xml; path = Info.plist; sourceTree = "<group>"; };
		2919A9141E70AD07004193B0 /* CustomTabBarController.swift */ = {isa = PBXFileReference; fileEncoding = 4; lastKnownFileType = sourcecode.swift; path = CustomTabBarController.swift; sourceTree = "<group>"; };
		2919A9161E70AD10004193B0 /* Instagram.swift */ = {isa = PBXFileReference; fileEncoding = 4; lastKnownFileType = sourcecode.swift; path = Instagram.swift; sourceTree = "<group>"; };
		2919A9181E70AD1D004193B0 /* Utility.swift */ = {isa = PBXFileReference; fileEncoding = 4; lastKnownFileType = sourcecode.swift; path = Utility.swift; sourceTree = "<group>"; };
		2919A9191E70AD1D004193B0 /* Extensions.swift */ = {isa = PBXFileReference; fileEncoding = 4; lastKnownFileType = sourcecode.swift; path = Extensions.swift; sourceTree = "<group>"; };
		2919A91A1E70AD1D004193B0 /* SearchTagController.swift */ = {isa = PBXFileReference; fileEncoding = 4; lastKnownFileType = sourcecode.swift; path = SearchTagController.swift; sourceTree = "<group>"; };
		7FB749E4A21F52C6B402CAD7 /* Pods-Repost.debug.xcconfig */ = {isa = PBXFileReference; includeInIndex = 1; lastKnownFileType = text.xcconfig; name = "Pods-Repost.debug.xcconfig"; path = "Pods/Target Support Files/Pods-Repost/Pods-Repost.debug.xcconfig"; sourceTree = "<group>"; };
		A10DC3C52FE3E5D11508803B /* Pods_Repost.framework */ = {isa = PBXFileReference; explicitFileType = wrapper.framework; includeInIndex = 0; path = Pods_Repost.framework; sourceTree = BUILT_PRODUCTS_DIR; };
		E3B792C028CB1A8FE9C1D38A /* Pods-Repost.release.xcconfig */ = {isa = PBXFileReference; includeInIndex = 1; lastKnownFileType = text.xcconfig; name = "Pods-Repost.release.xcconfig"; path = "Pods/Target Support Files/Pods-Repost/Pods-Repost.release.xcconfig"; sourceTree = "<group>"; };
/* End PBXFileReference section */

/* Begin PBXFrameworksBuildPhase section */
		2919A8E11E7085AC004193B0 /* Frameworks */ = {
			isa = PBXFrameworksBuildPhase;
			buildActionMask = 2147483647;
			files = (
				2F2361AFFD335FB05DB201DF /* Pods_Repost.framework in Frameworks */,
			);
			runOnlyForDeploymentPostprocessing = 0;
		};
/* End PBXFrameworksBuildPhase section */

/* Begin PBXGroup section */
		2919A8DB1E7085AC004193B0 = {
			isa = PBXGroup;
			children = (
				2919A8E61E7085AC004193B0 /* Repost */,
				2919A8E51E7085AC004193B0 /* Products */,
				2919A8F91E708639004193B0 /* Frameworks */,
				A6BC9C1A9C13531083AF74D8 /* Pods */,
			);
			sourceTree = "<group>";
		};
		2919A8E51E7085AC004193B0 /* Products */ = {
			isa = PBXGroup;
			children = (
				2919A8E41E7085AC004193B0 /* Repost.app */,
			);
			name = Products;
			sourceTree = "<group>";
		};
		2919A8E61E7085AC004193B0 /* Repost */ = {
			isa = PBXGroup;
			children = (
				2919A8E71E7085AC004193B0 /* AppDelegate.swift */,
				2919A9141E70AD07004193B0 /* CustomTabBarController.swift */,
				2919A8E91E7085AC004193B0 /* ViewController.swift */,
				2919A9161E70AD10004193B0 /* Instagram.swift */,
				2919A9181E70AD1D004193B0 /* Utility.swift */,
				2919A9191E70AD1D004193B0 /* Extensions.swift */,
				2919A91A1E70AD1D004193B0 /* SearchTagController.swift */,
				2919A8EE1E7085AC004193B0 /* Assets.xcassets */,
				2919A8F01E7085AC004193B0 /* LaunchScreen.storyboard */,
				2919A8F31E7085AC004193B0 /* Info.plist */,
			);
			path = Repost;
			sourceTree = "<group>";
		};
		2919A8F91E708639004193B0 /* Frameworks */ = {
			isa = PBXGroup;
			children = (
				A10DC3C52FE3E5D11508803B /* Pods_Repost.framework */,
			);
			name = Frameworks;
			sourceTree = "<group>";
		};
		A6BC9C1A9C13531083AF74D8 /* Pods */ = {
			isa = PBXGroup;
			children = (
				7FB749E4A21F52C6B402CAD7 /* Pods-Repost.debug.xcconfig */,
				E3B792C028CB1A8FE9C1D38A /* Pods-Repost.release.xcconfig */,
			);
			name = Pods;
			sourceTree = "<group>";
		};
/* End PBXGroup section */

/* Begin PBXNativeTarget section */
		2919A8E31E7085AC004193B0 /* Repost */ = {
			isa = PBXNativeTarget;
			buildConfigurationList = 2919A8F61E7085AC004193B0 /* Build configuration list for PBXNativeTarget "Repost" */;
			buildPhases = (
				29CB9D8CEC795FFD4D27762A /* [CP] Check Pods Manifest.lock */,
				2919A8E01E7085AC004193B0 /* Sources */,
				2919A8E11E7085AC004193B0 /* Frameworks */,
				2919A8E21E7085AC004193B0 /* Resources */,
				50DE73204A091E47DD9236C3 /* [CP] Embed Pods Frameworks */,
				EEFFD5C774F247CAB169D4B0 /* [CP] Copy Pods Resources */,
			);
			buildRules = (
			);
			dependencies = (
			);
			name = Repost;
			productName = Repost;
			productReference = 2919A8E41E7085AC004193B0 /* Repost.app */;
			productType = "com.apple.product-type.application";
		};
/* End PBXNativeTarget section */

/* Begin PBXProject section */
		2919A8DC1E7085AC004193B0 /* Project object */ = {
			isa = PBXProject;
			attributes = {
				LastSwiftUpdateCheck = 0820;
				LastUpgradeCheck = 0820;
				ORGANIZATIONNAME = "Yigit Anil";
				TargetAttributes = {
					2919A8E31E7085AC004193B0 = {
						CreatedOnToolsVersion = 8.2.1;
						DevelopmentTeam = UP3NA83V96;
						ProvisioningStyle = Automatic;
					};
				};
			};
			buildConfigurationList = 2919A8DF1E7085AC004193B0 /* Build configuration list for PBXProject "Repost" */;
			compatibilityVersion = "Xcode 3.2";
			developmentRegion = English;
			hasScannedForEncodings = 0;
			knownRegions = (
				en,
				Base,
			);
			mainGroup = 2919A8DB1E7085AC004193B0;
			productRefGroup = 2919A8E51E7085AC004193B0 /* Products */;
			projectDirPath = "";
			projectRoot = "";
			targets = (
				2919A8E31E7085AC004193B0 /* Repost */,
			);
		};
/* End PBXProject section */

/* Begin PBXResourcesBuildPhase section */
		2919A8E21E7085AC004193B0 /* Resources */ = {
			isa = PBXResourcesBuildPhase;
			buildActionMask = 2147483647;
			files = (
				2919A8F21E7085AC004193B0 /* LaunchScreen.storyboard in Resources */,
				2919A8EF1E7085AC004193B0 /* Assets.xcassets in Resources */,
			);
			runOnlyForDeploymentPostprocessing = 0;
		};
/* End PBXResourcesBuildPhase section */

/* Begin PBXShellScriptBuildPhase section */
		29CB9D8CEC795FFD4D27762A /* [CP] Check Pods Manifest.lock */ = {
			isa = PBXShellScriptBuildPhase;
			buildActionMask = 2147483647;
			files = (
			);
			inputPaths = (
			);
			name = "[CP] Check Pods Manifest.lock";
			outputPaths = (
			);
			runOnlyForDeploymentPostprocessing = 0;
			shellPath = /bin/sh;
			shellScript = "diff \"${PODS_ROOT}/../Podfile.lock\" \"${PODS_ROOT}/Manifest.lock\" > /dev/null\nif [ $? != 0 ] ; then\n    # print error to STDERR\n    echo \"error: The sandbox is not in sync with the Podfile.lock. Run 'pod install' or update your CocoaPods installation.\" >&2\n    exit 1\nfi\n";
			showEnvVarsInLog = 0;
		};
		50DE73204A091E47DD9236C3 /* [CP] Embed Pods Frameworks */ = {
			isa = PBXShellScriptBuildPhase;
			buildActionMask = 2147483647;
			files = (
			);
			inputPaths = (
			);
			name = "[CP] Embed Pods Frameworks";
			outputPaths = (
			);
			runOnlyForDeploymentPostprocessing = 0;
			shellPath = /bin/sh;
			shellScript = "\"${SRCROOT}/Pods/Target Support Files/Pods-Repost/Pods-Repost-frameworks.sh\"\n";
			showEnvVarsInLog = 0;
		};
		EEFFD5C774F247CAB169D4B0 /* [CP] Copy Pods Resources */ = {
			isa = PBXShellScriptBuildPhase;
			buildActionMask = 2147483647;
			files = (
			);
			inputPaths = (
			);
			name = "[CP] Copy Pods Resources";
			outputPaths = (
			);
			runOnlyForDeploymentPostprocessing = 0;
			shellPath = /bin/sh;
			shellScript = "\"${SRCROOT}/Pods/Target Support Files/Pods-Repost/Pods-Repost-resources.sh\"\n";
			showEnvVarsInLog = 0;
		};
/* End PBXShellScriptBuildPhase section */

/* Begin PBXSourcesBuildPhase section */
		2919A8E01E7085AC004193B0 /* Sources */ = {
			isa = PBXSourcesBuildPhase;
			buildActionMask = 2147483647;
			files = (
				2919A91D1E70AD1D004193B0 /* SearchTagController.swift in Sources */,
				2919A91B1E70AD1D004193B0 /* Utility.swift in Sources */,
				2919A91C1E70AD1D004193B0 /* Extensions.swift in Sources */,
				2919A9171E70AD10004193B0 /* Instagram.swift in Sources */,
				2919A8EA1E7085AC004193B0 /* ViewController.swift in Sources */,
				2919A8E81E7085AC004193B0 /* AppDelegate.swift in Sources */,
				2919A9151E70AD07004193B0 /* CustomTabBarController.swift in Sources */,
			);
			runOnlyForDeploymentPostprocessing = 0;
		};
/* End PBXSourcesBuildPhase section */

/* Begin PBXVariantGroup section */
		2919A8F01E7085AC004193B0 /* LaunchScreen.storyboard */ = {
			isa = PBXVariantGroup;
			children = (
				2919A8F11E7085AC004193B0 /* Base */,
			);
			name = LaunchScreen.storyboard;
			sourceTree = "<group>";
		};
/* End PBXVariantGroup section */

/* Begin XCBuildConfiguration section */
		2919A8F41E7085AC004193B0 /* Debug */ = {
			isa = XCBuildConfiguration;
			buildSettings = {
				ALWAYS_SEARCH_USER_PATHS = NO;
				CLANG_ANALYZER_NONNULL = YES;
				CLANG_CXX_LANGUAGE_STANDARD = "gnu++0x";
				CLANG_CXX_LIBRARY = "libc++";
				CLANG_ENABLE_MODULES = YES;
				CLANG_ENABLE_OBJC_ARC = YES;
				CLANG_WARN_BOOL_CONVERSION = YES;
				CLANG_WARN_CONSTANT_CONVERSION = YES;
				CLANG_WARN_DIRECT_OBJC_ISA_USAGE = YES_ERROR;
				CLANG_WARN_DOCUMENTATION_COMMENTS = YES;
				CLANG_WARN_EMPTY_BODY = YES;
				CLANG_WARN_ENUM_CONVERSION = YES;
				CLANG_WARN_INFINITE_RECURSION = YES;
				CLANG_WARN_INT_CONVERSION = YES;
				CLANG_WARN_OBJC_ROOT_CLASS = YES_ERROR;
				CLANG_WARN_SUSPICIOUS_MOVE = YES;
				CLANG_WARN_UNREACHABLE_CODE = YES;
				CLANG_WARN__DUPLICATE_METHOD_MATCH = YES;
				"CODE_SIGN_IDENTITY[sdk=iphoneos*]" = "iPhone Developer";
				COPY_PHASE_STRIP = NO;
				DEBUG_INFORMATION_FORMAT = dwarf;
				ENABLE_STRICT_OBJC_MSGSEND = YES;
				ENABLE_TESTABILITY = YES;
				GCC_C_LANGUAGE_STANDARD = gnu99;
				GCC_DYNAMIC_NO_PIC = NO;
				GCC_NO_COMMON_BLOCKS = YES;
				GCC_OPTIMIZATION_LEVEL = 0;
				GCC_PREPROCESSOR_DEFINITIONS = (
					"DEBUG=1",
					"$(inherited)",
				);
				GCC_WARN_64_TO_32_BIT_CONVERSION = YES;
				GCC_WARN_ABOUT_RETURN_TYPE = YES_ERROR;
				GCC_WARN_UNDECLARED_SELECTOR = YES;
				GCC_WARN_UNINITIALIZED_AUTOS = YES_AGGRESSIVE;
				GCC_WARN_UNUSED_FUNCTION = YES;
				GCC_WARN_UNUSED_VARIABLE = YES;
				IPHONEOS_DEPLOYMENT_TARGET = 10.2;
				MTL_ENABLE_DEBUG_INFO = YES;
				ONLY_ACTIVE_ARCH = YES;
				SDKROOT = iphoneos;
				SWIFT_ACTIVE_COMPILATION_CONDITIONS = DEBUG;
				SWIFT_OPTIMIZATION_LEVEL = "-Onone";
			};
			name = Debug;
		};
		2919A8F51E7085AC004193B0 /* Release */ = {
			isa = XCBuildConfiguration;
			buildSettings = {
				ALWAYS_SEARCH_USER_PATHS = NO;
				CLANG_ANALYZER_NONNULL = YES;
				CLANG_CXX_LANGUAGE_STANDARD = "gnu++0x";
				CLANG_CXX_LIBRARY = "libc++";
				CLANG_ENABLE_MODULES = YES;
				CLANG_ENABLE_OBJC_ARC = YES;
				CLANG_WARN_BOOL_CONVERSION = YES;
				CLANG_WARN_CONSTANT_CONVERSION = YES;
				CLANG_WARN_DIRECT_OBJC_ISA_USAGE = YES_ERROR;
				CLANG_WARN_DOCUMENTATION_COMMENTS = YES;
				CLANG_WARN_EMPTY_BODY = YES;
				CLANG_WARN_ENUM_CONVERSION = YES;
				CLANG_WARN_INFINITE_RECURSION = YES;
				CLANG_WARN_INT_CONVERSION = YES;
				CLANG_WARN_OBJC_ROOT_CLASS = YES_ERROR;
				CLANG_WARN_SUSPICIOUS_MOVE = YES;
				CLANG_WARN_UNREACHABLE_CODE = YES;
				CLANG_WARN__DUPLICATE_METHOD_MATCH = YES;
				"CODE_SIGN_IDENTITY[sdk=iphoneos*]" = "iPhone Developer";
				COPY_PHASE_STRIP = NO;
				DEBUG_INFORMATION_FORMAT = "dwarf-with-dsym";
				ENABLE_NS_ASSERTIONS = NO;
				ENABLE_STRICT_OBJC_MSGSEND = YES;
				GCC_C_LANGUAGE_STANDARD = gnu99;
				GCC_NO_COMMON_BLOCKS = YES;
				GCC_WARN_64_TO_32_BIT_CONVERSION = YES;
				GCC_WARN_ABOUT_RETURN_TYPE = YES_ERROR;
				GCC_WARN_UNDECLARED_SELECTOR = YES;
				GCC_WARN_UNINITIALIZED_AUTOS = YES_AGGRESSIVE;
				GCC_WARN_UNUSED_FUNCTION = YES;
				GCC_WARN_UNUSED_VARIABLE = YES;
				IPHONEOS_DEPLOYMENT_TARGET = 10.2;
				MTL_ENABLE_DEBUG_INFO = NO;
				SDKROOT = iphoneos;
				SWIFT_OPTIMIZATION_LEVEL = "-Owholemodule";
				VALIDATE_PRODUCT = YES;
			};
			name = Release;
		};
		2919A8F71E7085AC004193B0 /* Debug */ = {
			isa = XCBuildConfiguration;
			baseConfigurationReference = 7FB749E4A21F52C6B402CAD7 /* Pods-Repost.debug.xcconfig */;
			buildSettings = {
				ASSETCATALOG_COMPILER_APPICON_NAME = AppIcon;
				"CODE_SIGN_IDENTITY[sdk=iphoneos*]" = "iPhone Developer";
				DEVELOPMENT_TEAM = "";
				FRAMEWORK_SEARCH_PATHS = (
					"$(inherited)",
					"$(PROJECT_DIR)",
				);
				INFOPLIST_FILE = Repost/Info.plist;
				IPHONEOS_DEPLOYMENT_TARGET = 10.2;
				LD_RUNPATH_SEARCH_PATHS = "$(inherited) @executable_path/Frameworks";
				PRODUCT_BUNDLE_IDENTIFIER = com.ygtinc.repost;
				PRODUCT_NAME = "$(TARGET_NAME)";
				PROVISIONING_PROFILE = "";
				PROVISIONING_PROFILE_SPECIFIER = "";
				SWIFT_VERSION = 3.0;
			};
			name = Debug;
		};
		2919A8F81E7085AC004193B0 /* Release */ = {
			isa = XCBuildConfiguration;
			baseConfigurationReference = E3B792C028CB1A8FE9C1D38A /* Pods-Repost.release.xcconfig */;
			buildSettings = {
				ASSETCATALOG_COMPILER_APPICON_NAME = AppIcon;
				"CODE_SIGN_IDENTITY[sdk=iphoneos*]" = "iPhone Developer";
				DEVELOPMENT_TEAM = "";
				FRAMEWORK_SEARCH_PATHS = (
					"$(inherited)",
					"$(PROJECT_DIR)",
				);
				INFOPLIST_FILE = Repost/Info.plist;
				IPHONEOS_DEPLOYMENT_TARGET = 10.2;
				LD_RUNPATH_SEARCH_PATHS = "$(inherited) @executable_path/Frameworks";
				PRODUCT_BUNDLE_IDENTIFIER = com.ygtinc.repost;
				PRODUCT_NAME = "$(TARGET_NAME)";
				PROVISIONING_PROFILE = "";
				PROVISIONING_PROFILE_SPECIFIER = "";
				SWIFT_VERSION = 3.0;
			};
			name = Release;
		};
/* End XCBuildConfiguration section */

/* Begin XCConfigurationList section */
		2919A8DF1E7085AC004193B0 /* Build configuration list for PBXProject "Repost" */ = {
			isa = XCConfigurationList;
			buildConfigurations = (
				2919A8F41E7085AC004193B0 /* Debug */,
				2919A8F51E7085AC004193B0 /* Release */,
			);
			defaultConfigurationIsVisible = 0;
			defaultConfigurationName = Release;
		};
		2919A8F61E7085AC004193B0 /* Build configuration list for PBXNativeTarget "Repost" */ = {
			isa = XCConfigurationList;
			buildConfigurations = (
				2919A8F71E7085AC004193B0 /* Debug */,
				2919A8F81E7085AC004193B0 /* Release */,
			);
			defaultConfigurationIsVisible = 0;
			defaultConfigurationName = Release;
		};
/* End XCConfigurationList section */
	};
	rootObject = 2919A8DC1E7085AC004193B0 /* Project object */;
}
